
Microsoft Visual Studio Solution File, Format Version 12.00
# Visual Studio Version 16
VisualStudioVersion = 25.0.1706.14
MinimumVisualStudioVersion = 10.0.40219.1
Project("{FAE04EC0-301F-11D3-BF4B-00C04F79EFBC}") = "OOP-learn", "OOP-learn\OOP-learn.csproj", "{0B5B1F2B-14A5-42EA-ABF0-9CD758A9214B}"
EndProject
Global
	GlobalSection(SolutionConfigurationPlatforms) = preSolution
		Debug|Any CPU = Debug|Any CPU
		Release|Any CPU = Release|Any CPU
	EndGlobalSection
	GlobalSection(ProjectConfigurationPlatforms) = postSolution
		{0B5B1F2B-14A5-42EA-ABF0-9CD758A9214B}.Debug|Any CPU.ActiveCfg = Debug|Any CPU
		{0B5B1F2B-14A5-42EA-ABF0-9CD758A9214B}.Debug|Any CPU.Build.0 = Debug|Any CPU
		{0B5B1F2B-14A5-42EA-ABF0-9CD758A9214B}.Release|Any CPU.ActiveCfg = Release|Any CPU
		{0B5B1F2B-14A5-42EA-ABF0-9CD758A9214B}.Release|Any CPU.Build.0 = Release|Any CPU
	EndGlobalSection
	GlobalSection(SolutionProperties) = preSolution
		HideSolutionNode = FALSE
	EndGlobalSection
	GlobalSection(ExtensibilityGlobals) = postSolution
		SolutionGuid = {471E332F-8FA6-425A-9193-69C1839B646A}
	EndGlobalSection
EndGlobal
